// !$*UTF8*$!
{
	archiveVersion = 1;
	classes = {
	};
	objectVersion = 46;
	objects = {

/* Begin PBXBuildFile section */
		760F9CC21DFA8EE2003115C9 /* CategoryViewController.swift in Sources */ = {isa = PBXBuildFile; fileRef = 760F9CC11DFA8EE2003115C9 /* CategoryViewController.swift */; };
		767D81AC1DF908F8000AEAB1 /* GoogleService-Info.plist in Resources */ = {isa = PBXBuildFile; fileRef = 767D81AB1DF908F8000AEAB1 /* GoogleService-Info.plist */; };
		769A4D1D1DE2696F002375B7 /* AppDelegate.swift in Sources */ = {isa = PBXBuildFile; fileRef = 769A4D1C1DE2696F002375B7 /* AppDelegate.swift */; };
		769A4D1F1DE2696F002375B7 /* ViewController.swift in Sources */ = {isa = PBXBuildFile; fileRef = 769A4D1E1DE2696F002375B7 /* ViewController.swift */; };
		769A4D221DE2696F002375B7 /* Main.storyboard in Resources */ = {isa = PBXBuildFile; fileRef = 769A4D201DE2696F002375B7 /* Main.storyboard */; };
		769A4D241DE2696F002375B7 /* Assets.xcassets in Resources */ = {isa = PBXBuildFile; fileRef = 769A4D231DE2696F002375B7 /* Assets.xcassets */; };
		769A4D271DE2696F002375B7 /* LaunchScreen.storyboard in Resources */ = {isa = PBXBuildFile; fileRef = 769A4D251DE2696F002375B7 /* LaunchScreen.storyboard */; };
		769A4D321DE2696F002375B7 /* GroceryPlannerTests.swift in Sources */ = {isa = PBXBuildFile; fileRef = 769A4D311DE2696F002375B7 /* GroceryPlannerTests.swift */; };
		769A4D3D1DE2696F002375B7 /* GroceryPlannerUITests.swift in Sources */ = {isa = PBXBuildFile; fileRef = 769A4D3C1DE2696F002375B7 /* GroceryPlannerUITests.swift */; };
		769D413E1DF9348800551A6B /* AdSupport.framework in Frameworks */ = {isa = PBXBuildFile; fileRef = 769D413D1DF9348800551A6B /* AdSupport.framework */; };
		F335CA1C47B9AA5ACE16B0EC /* Pods_GroceryPlanner.framework in Frameworks */ = {isa = PBXBuildFile; fileRef = 855F6037C7A9C091E176FC77 /* Pods_GroceryPlanner.framework */; };
/* End PBXBuildFile section */

/* Begin PBXContainerItemProxy section */
		769A4D2E1DE2696F002375B7 /* PBXContainerItemProxy */ = {
			isa = PBXContainerItemProxy;
			containerPortal = 769A4D111DE2696E002375B7 /* Project object */;
			proxyType = 1;
			remoteGlobalIDString = 769A4D181DE2696E002375B7;
			remoteInfo = GroceryPlanner;
		};
		769A4D391DE2696F002375B7 /* PBXContainerItemProxy */ = {
			isa = PBXContainerItemProxy;
			containerPortal = 769A4D111DE2696E002375B7 /* Project object */;
			proxyType = 1;
			remoteGlobalIDString = 769A4D181DE2696E002375B7;
			remoteInfo = GroceryPlanner;
		};
/* End PBXContainerItemProxy section */

/* Begin PBXFileReference section */
		0C13A1EDB8CB4AB6252686E2 /* Pods-GroceryPlanner.release.xcconfig */ = {isa = PBXFileReference; includeInIndex = 1; lastKnownFileType = text.xcconfig; name = "Pods-GroceryPlanner.release.xcconfig"; path = "Pods/Target Support Files/Pods-GroceryPlanner/Pods-GroceryPlanner.release.xcconfig"; sourceTree = "<group>"; };
		3695F12193E12F15A25B4F8B /* Pods_GroceryPlannerTests.framework */ = {isa = PBXFileReference; explicitFileType = wrapper.framework; includeInIndex = 0; path = Pods_GroceryPlannerTests.framework; sourceTree = BUILT_PRODUCTS_DIR; };
		760F9CC11DFA8EE2003115C9 /* CategoryViewController.swift */ = {isa = PBXFileReference; fileEncoding = 4; lastKnownFileType = sourcecode.swift; path = CategoryViewController.swift; sourceTree = "<group>"; };
		767D81AB1DF908F8000AEAB1 /* GoogleService-Info.plist */ = {isa = PBXFileReference; fileEncoding = 4; lastKnownFileType = text.plist.xml; path = "GoogleService-Info.plist"; sourceTree = "<group>"; };
		767D81AD1DF92902000AEAB1 /* GroceryPlanner.entitlements */ = {isa = PBXFileReference; lastKnownFileType = text.plist.entitlements; path = GroceryPlanner.entitlements; sourceTree = "<group>"; };
		769A4D191DE2696E002375B7 /* GroceryPlanner.app */ = {isa = PBXFileReference; explicitFileType = wrapper.application; includeInIndex = 0; path = GroceryPlanner.app; sourceTree = BUILT_PRODUCTS_DIR; };
		769A4D1C1DE2696F002375B7 /* AppDelegate.swift */ = {isa = PBXFileReference; lastKnownFileType = sourcecode.swift; path = AppDelegate.swift; sourceTree = "<group>"; };
		769A4D1E1DE2696F002375B7 /* ViewController.swift */ = {isa = PBXFileReference; lastKnownFileType = sourcecode.swift; path = ViewController.swift; sourceTree = "<group>"; };
		769A4D211DE2696F002375B7 /* Base */ = {isa = PBXFileReference; lastKnownFileType = file.storyboard; name = Base; path = Base.lproj/Main.storyboard; sourceTree = "<group>"; };
		769A4D231DE2696F002375B7 /* Assets.xcassets */ = {isa = PBXFileReference; lastKnownFileType = folder.assetcatalog; path = Assets.xcassets; sourceTree = "<group>"; };
		769A4D261DE2696F002375B7 /* Base */ = {isa = PBXFileReference; lastKnownFileType = file.storyboard; name = Base; path = Base.lproj/LaunchScreen.storyboard; sourceTree = "<group>"; };
		769A4D281DE2696F002375B7 /* Info.plist */ = {isa = PBXFileReference; lastKnownFileType = text.plist.xml; path = Info.plist; sourceTree = "<group>"; };
		769A4D2D1DE2696F002375B7 /* GroceryPlannerTests.xctest */ = {isa = PBXFileReference; explicitFileType = wrapper.cfbundle; includeInIndex = 0; path = GroceryPlannerTests.xctest; sourceTree = BUILT_PRODUCTS_DIR; };
		769A4D311DE2696F002375B7 /* GroceryPlannerTests.swift */ = {isa = PBXFileReference; lastKnownFileType = sourcecode.swift; path = GroceryPlannerTests.swift; sourceTree = "<group>"; };
		769A4D331DE2696F002375B7 /* Info.plist */ = {isa = PBXFileReference; lastKnownFileType = text.plist.xml; path = Info.plist; sourceTree = "<group>"; };
		769A4D381DE2696F002375B7 /* GroceryPlannerUITests.xctest */ = {isa = PBXFileReference; explicitFileType = wrapper.cfbundle; includeInIndex = 0; path = GroceryPlannerUITests.xctest; sourceTree = BUILT_PRODUCTS_DIR; };
		769A4D3C1DE2696F002375B7 /* GroceryPlannerUITests.swift */ = {isa = PBXFileReference; lastKnownFileType = sourcecode.swift; path = GroceryPlannerUITests.swift; sourceTree = "<group>"; };
		769A4D3E1DE2696F002375B7 /* Info.plist */ = {isa = PBXFileReference; lastKnownFileType = text.plist.xml; path = Info.plist; sourceTree = "<group>"; };
		769D413D1DF9348800551A6B /* AdSupport.framework */ = {isa = PBXFileReference; lastKnownFileType = wrapper.framework; name = AdSupport.framework; path = System/Library/Frameworks/AdSupport.framework; sourceTree = SDKROOT; };
		855F6037C7A9C091E176FC77 /* Pods_GroceryPlanner.framework */ = {isa = PBXFileReference; explicitFileType = wrapper.framework; includeInIndex = 0; path = Pods_GroceryPlanner.framework; sourceTree = BUILT_PRODUCTS_DIR; };
		AC5D037BFEEDC8EE7DFCDDD8 /* Pods_GroceryPlannerUITests.framework */ = {isa = PBXFileReference; explicitFileType = wrapper.framework; includeInIndex = 0; path = Pods_GroceryPlannerUITests.framework; sourceTree = BUILT_PRODUCTS_DIR; };
		C65D9F76FB7057D2A405058C /* Pods-GroceryPlanner.debug.xcconfig */ = {isa = PBXFileReference; includeInIndex = 1; lastKnownFileType = text.xcconfig; name = "Pods-GroceryPlanner.debug.xcconfig"; path = "Pods/Target Support Files/Pods-GroceryPlanner/Pods-GroceryPlanner.debug.xcconfig"; sourceTree = "<group>"; };
/* End PBXFileReference section */

/* Begin PBXFrameworksBuildPhase section */
		769A4D161DE2696E002375B7 /* Frameworks */ = {
			isa = PBXFrameworksBuildPhase;
			buildActionMask = 2147483647;
			files = (
				769D413E1DF9348800551A6B /* AdSupport.framework in Frameworks */,
				F335CA1C47B9AA5ACE16B0EC /* Pods_GroceryPlanner.framework in Frameworks */,
			);
			runOnlyForDeploymentPostprocessing = 0;
		};
		769A4D2A1DE2696F002375B7 /* Frameworks */ = {
			isa = PBXFrameworksBuildPhase;
			buildActionMask = 2147483647;
			files = (
			);
			runOnlyForDeploymentPostprocessing = 0;
		};
		769A4D351DE2696F002375B7 /* Frameworks */ = {
			isa = PBXFrameworksBuildPhase;
			buildActionMask = 2147483647;
			files = (
			);
			runOnlyForDeploymentPostprocessing = 0;
		};
/* End PBXFrameworksBuildPhase section */

/* Begin PBXGroup section */
		1DAC23AF2A8E86B7A82BBC53 /* Pods */ = {
			isa = PBXGroup;
			children = (
				C65D9F76FB7057D2A405058C /* Pods-GroceryPlanner.debug.xcconfig */,
				0C13A1EDB8CB4AB6252686E2 /* Pods-GroceryPlanner.release.xcconfig */,
			);
			name = Pods;
			sourceTree = "<group>";
		};
		769A4D101DE2696E002375B7 = {
			isa = PBXGroup;
			children = (
				769A4D1B1DE2696E002375B7 /* GroceryPlanner */,
				769A4D301DE2696F002375B7 /* GroceryPlannerTests */,
				769A4D3B1DE2696F002375B7 /* GroceryPlannerUITests */,
				769A4D1A1DE2696E002375B7 /* Products */,
				1DAC23AF2A8E86B7A82BBC53 /* Pods */,
				82974A5132B4822C45939ED4 /* Frameworks */,
			);
			sourceTree = "<group>";
		};
		769A4D1A1DE2696E002375B7 /* Products */ = {
			isa = PBXGroup;
			children = (
				769A4D191DE2696E002375B7 /* GroceryPlanner.app */,
				769A4D2D1DE2696F002375B7 /* GroceryPlannerTests.xctest */,
				769A4D381DE2696F002375B7 /* GroceryPlannerUITests.xctest */,
			);
			name = Products;
			sourceTree = "<group>";
		};
		769A4D1B1DE2696E002375B7 /* GroceryPlanner */ = {
			isa = PBXGroup;
			children = (
				767D81AD1DF92902000AEAB1 /* GroceryPlanner.entitlements */,
				769A4D1C1DE2696F002375B7 /* AppDelegate.swift */,
				769A4D1E1DE2696F002375B7 /* ViewController.swift */,
				769A4D201DE2696F002375B7 /* Main.storyboard */,
				760F9CC11DFA8EE2003115C9 /* CategoryViewController.swift */,
				769A4D231DE2696F002375B7 /* Assets.xcassets */,
				769A4D251DE2696F002375B7 /* LaunchScreen.storyboard */,
				767D81AB1DF908F8000AEAB1 /* GoogleService-Info.plist */,
				769A4D281DE2696F002375B7 /* Info.plist */,
			);
			path = GroceryPlanner;
			sourceTree = "<group>";
		};
		769A4D301DE2696F002375B7 /* GroceryPlannerTests */ = {
			isa = PBXGroup;
			children = (
				769A4D311DE2696F002375B7 /* GroceryPlannerTests.swift */,
				769A4D331DE2696F002375B7 /* Info.plist */,
			);
			path = GroceryPlannerTests;
			sourceTree = "<group>";
		};
		769A4D3B1DE2696F002375B7 /* GroceryPlannerUITests */ = {
			isa = PBXGroup;
			children = (
				769A4D3C1DE2696F002375B7 /* GroceryPlannerUITests.swift */,
				769A4D3E1DE2696F002375B7 /* Info.plist */,
			);
			path = GroceryPlannerUITests;
			sourceTree = "<group>";
		};
		82974A5132B4822C45939ED4 /* Frameworks */ = {
			isa = PBXGroup;
			children = (
				769D413D1DF9348800551A6B /* AdSupport.framework */,
				855F6037C7A9C091E176FC77 /* Pods_GroceryPlanner.framework */,
				3695F12193E12F15A25B4F8B /* Pods_GroceryPlannerTests.framework */,
				AC5D037BFEEDC8EE7DFCDDD8 /* Pods_GroceryPlannerUITests.framework */,
			);
			name = Frameworks;
			sourceTree = "<group>";
		};
/* End PBXGroup section */

/* Begin PBXNativeTarget section */
		769A4D181DE2696E002375B7 /* GroceryPlanner */ = {
			isa = PBXNativeTarget;
			buildConfigurationList = 769A4D411DE2696F002375B7 /* Build configuration list for PBXNativeTarget "GroceryPlanner" */;
			buildPhases = (
				91B4956866270D08408DBE47 /* [CP] Check Pods Manifest.lock */,
				769A4D151DE2696E002375B7 /* Sources */,
				769A4D161DE2696E002375B7 /* Frameworks */,
				769A4D171DE2696E002375B7 /* Resources */,
				0F9D473DBC4E6E66B69D3473 /* [CP] Embed Pods Frameworks */,
				B15CD0D6935BAA078E81990B /* [CP] Copy Pods Resources */,
			);
			buildRules = (
			);
			dependencies = (
			);
			name = GroceryPlanner;
			productName = GroceryPlanner;
			productReference = 769A4D191DE2696E002375B7 /* GroceryPlanner.app */;
			productType = "com.apple.product-type.application";
		};
		769A4D2C1DE2696F002375B7 /* GroceryPlannerTests */ = {
			isa = PBXNativeTarget;
			buildConfigurationList = 769A4D441DE2696F002375B7 /* Build configuration list for PBXNativeTarget "GroceryPlannerTests" */;
			buildPhases = (
				769A4D291DE2696F002375B7 /* Sources */,
				769A4D2A1DE2696F002375B7 /* Frameworks */,
				769A4D2B1DE2696F002375B7 /* Resources */,
			);
			buildRules = (
			);
			dependencies = (
				769A4D2F1DE2696F002375B7 /* PBXTargetDependency */,
			);
			name = GroceryPlannerTests;
			productName = GroceryPlannerTests;
			productReference = 769A4D2D1DE2696F002375B7 /* GroceryPlannerTests.xctest */;
			productType = "com.apple.product-type.bundle.unit-test";
		};
		769A4D371DE2696F002375B7 /* GroceryPlannerUITests */ = {
			isa = PBXNativeTarget;
			buildConfigurationList = 769A4D471DE2696F002375B7 /* Build configuration list for PBXNativeTarget "GroceryPlannerUITests" */;
			buildPhases = (
				769A4D341DE2696F002375B7 /* Sources */,
				769A4D351DE2696F002375B7 /* Frameworks */,
				769A4D361DE2696F002375B7 /* Resources */,
			);
			buildRules = (
			);
			dependencies = (
				769A4D3A1DE2696F002375B7 /* PBXTargetDependency */,
			);
			name = GroceryPlannerUITests;
			productName = GroceryPlannerUITests;
			productReference = 769A4D381DE2696F002375B7 /* GroceryPlannerUITests.xctest */;
			productType = "com.apple.product-type.bundle.ui-testing";
		};
/* End PBXNativeTarget section */

/* Begin PBXProject section */
		769A4D111DE2696E002375B7 /* Project object */ = {
			isa = PBXProject;
			attributes = {
				LastSwiftUpdateCheck = 0800;
				LastUpgradeCheck = 0800;
				ORGANIZATIONNAME = "Prathyusha Makam Prasad";
				TargetAttributes = {
					769A4D181DE2696E002375B7 = {
						CreatedOnToolsVersion = 8.0;
						DevelopmentTeam = 4ZN232DM33;
						ProvisioningStyle = Automatic;
						SystemCapabilities = {
							com.apple.ApplicationGroups.iOS = {
								enabled = 0;
							};
							com.apple.Keychain = {
								enabled = 1;
							};
							com.apple.Push = {
								enabled = 0;
							};
						};
					};
					769A4D2C1DE2696F002375B7 = {
						CreatedOnToolsVersion = 8.0;
						DevelopmentTeam = 4ZN232DM33;
						ProvisioningStyle = Automatic;
						TestTargetID = 769A4D181DE2696E002375B7;
					};
					769A4D371DE2696F002375B7 = {
						CreatedOnToolsVersion = 8.0;
						DevelopmentTeam = 4ZN232DM33;
						ProvisioningStyle = Automatic;
						TestTargetID = 769A4D181DE2696E002375B7;
					};
				};
			};
			buildConfigurationList = 769A4D141DE2696E002375B7 /* Build configuration list for PBXProject "GroceryPlanner" */;
			compatibilityVersion = "Xcode 3.2";
			developmentRegion = English;
			hasScannedForEncodings = 0;
			knownRegions = (
				en,
				Base,
			);
			mainGroup = 769A4D101DE2696E002375B7;
			productRefGroup = 769A4D1A1DE2696E002375B7 /* Products */;
			projectDirPath = "";
			projectRoot = "";
			targets = (
				769A4D181DE2696E002375B7 /* GroceryPlanner */,
				769A4D2C1DE2696F002375B7 /* GroceryPlannerTests */,
				769A4D371DE2696F002375B7 /* GroceryPlannerUITests */,
			);
		};
/* End PBXProject section */

/* Begin PBXResourcesBuildPhase section */
		769A4D171DE2696E002375B7 /* Resources */ = {
			isa = PBXResourcesBuildPhase;
			buildActionMask = 2147483647;
			files = (
				769A4D271DE2696F002375B7 /* LaunchScreen.storyboard in Resources */,
				767D81AC1DF908F8000AEAB1 /* GoogleService-Info.plist in Resources */,
				769A4D241DE2696F002375B7 /* Assets.xcassets in Resources */,
				769A4D221DE2696F002375B7 /* Main.storyboard in Resources */,
			);
			runOnlyForDeploymentPostprocessing = 0;
		};
		769A4D2B1DE2696F002375B7 /* Resources */ = {
			isa = PBXResourcesBuildPhase;
			buildActionMask = 2147483647;
			files = (
			);
			runOnlyForDeploymentPostprocessing = 0;
		};
		769A4D361DE2696F002375B7 /* Resources */ = {
			isa = PBXResourcesBuildPhase;
			buildActionMask = 2147483647;
			files = (
			);
			runOnlyForDeploymentPostprocessing = 0;
		};
/* End PBXResourcesBuildPhase section */

/* Begin PBXShellScriptBuildPhase section */
		0F9D473DBC4E6E66B69D3473 /* [CP] Embed Pods Frameworks */ = {
			isa = PBXShellScriptBuildPhase;
			buildActionMask = 2147483647;
			files = (
			);
			inputPaths = (
			);
			name = "[CP] Embed Pods Frameworks";
			outputPaths = (
			);
			runOnlyForDeploymentPostprocessing = 0;
			shellPath = /bin/sh;
			shellScript = "\"${SRCROOT}/Pods/Target Support Files/Pods-GroceryPlanner/Pods-GroceryPlanner-frameworks.sh\"\n";
			showEnvVarsInLog = 0;
		};
		91B4956866270D08408DBE47 /* [CP] Check Pods Manifest.lock */ = {
			isa = PBXShellScriptBuildPhase;
			buildActionMask = 2147483647;
			files = (
			);
			inputPaths = (
			);
			name = "[CP] Check Pods Manifest.lock";
			outputPaths = (
			);
			runOnlyForDeploymentPostprocessing = 0;
			shellPath = /bin/sh;
			shellScript = "diff \"${PODS_ROOT}/../Podfile.lock\" \"${PODS_ROOT}/Manifest.lock\" > /dev/null\nif [ $? != 0 ] ; then\n    # print error to STDERR\n    echo \"error: The sandbox is not in sync with the Podfile.lock. Run 'pod install' or update your CocoaPods installation.\" >&2\n    exit 1\nfi\n";
			showEnvVarsInLog = 0;
		};
		B15CD0D6935BAA078E81990B /* [CP] Copy Pods Resources */ = {
			isa = PBXShellScriptBuildPhase;
			buildActionMask = 2147483647;
			files = (
			);
			inputPaths = (
			);
			name = "[CP] Copy Pods Resources";
			outputPaths = (
			);
			runOnlyForDeploymentPostprocessing = 0;
			shellPath = /bin/sh;
			shellScript = "\"${SRCROOT}/Pods/Target Support Files/Pods-GroceryPlanner/Pods-GroceryPlanner-resources.sh\"\n";
			showEnvVarsInLog = 0;
		};
/* End PBXShellScriptBuildPhase section */

/* Begin PBXSourcesBuildPhase section */
		769A4D151DE2696E002375B7 /* Sources */ = {
			isa = PBXSourcesBuildPhase;
			buildActionMask = 2147483647;
			files = (
				769A4D1F1DE2696F002375B7 /* ViewController.swift in Sources */,
				760F9CC21DFA8EE2003115C9 /* CategoryViewController.swift in Sources */,
				769A4D1D1DE2696F002375B7 /* AppDelegate.swift in Sources */,
			);
			runOnlyForDeploymentPostprocessing = 0;
		};
		769A4D291DE2696F002375B7 /* Sources */ = {
			isa = PBXSourcesBuildPhase;
			buildActionMask = 2147483647;
			files = (
				769A4D321DE2696F002375B7 /* GroceryPlannerTests.swift in Sources */,
			);
			runOnlyForDeploymentPostprocessing = 0;
		};
		769A4D341DE2696F002375B7 /* Sources */ = {
			isa = PBXSourcesBuildPhase;
			buildActionMask = 2147483647;
			files = (
				769A4D3D1DE2696F002375B7 /* GroceryPlannerUITests.swift in Sources */,
			);
			runOnlyForDeploymentPostprocessing = 0;
		};
/* End PBXSourcesBuildPhase section */

/* Begin PBXTargetDependency section */
		769A4D2F1DE2696F002375B7 /* PBXTargetDependency */ = {
			isa = PBXTargetDependency;
			target = 769A4D181DE2696E002375B7 /* GroceryPlanner */;
			targetProxy = 769A4D2E1DE2696F002375B7 /* PBXContainerItemProxy */;
		};
		769A4D3A1DE2696F002375B7 /* PBXTargetDependency */ = {
			isa = PBXTargetDependency;
			target = 769A4D181DE2696E002375B7 /* GroceryPlanner */;
			targetProxy = 769A4D391DE2696F002375B7 /* PBXContainerItemProxy */;
		};
/* End PBXTargetDependency section */

/* Begin PBXVariantGroup section */
		769A4D201DE2696F002375B7 /* Main.storyboard */ = {
			isa = PBXVariantGroup;
			children = (
				769A4D211DE2696F002375B7 /* Base */,
			);
			name = Main.storyboard;
			sourceTree = "<group>";
		};
		769A4D251DE2696F002375B7 /* LaunchScreen.storyboard */ = {
			isa = PBXVariantGroup;
			children = (
				769A4D261DE2696F002375B7 /* Base */,
			);
			name = LaunchScreen.storyboard;
			sourceTree = "<group>";
		};
/* End PBXVariantGroup section */

/* Begin XCBuildConfiguration section */
		769A4D3F1DE2696F002375B7 /* Debug */ = {
			isa = XCBuildConfiguration;
			buildSettings = {
				ALWAYS_SEARCH_USER_PATHS = NO;
				CLANG_ANALYZER_NONNULL = YES;
				CLANG_CXX_LANGUAGE_STANDARD = "gnu++0x";
				CLANG_CXX_LIBRARY = "libc++";
				CLANG_ENABLE_MODULES = YES;
				CLANG_ENABLE_OBJC_ARC = YES;
				CLANG_WARN_BOOL_CONVERSION = YES;
				CLANG_WARN_CONSTANT_CONVERSION = YES;
				CLANG_WARN_DIRECT_OBJC_ISA_USAGE = YES_ERROR;
				CLANG_WARN_DOCUMENTATION_COMMENTS = YES;
				CLANG_WARN_EMPTY_BODY = YES;
				CLANG_WARN_ENUM_CONVERSION = YES;
				CLANG_WARN_INFINITE_RECURSION = YES;
				CLANG_WARN_INT_CONVERSION = YES;
				CLANG_WARN_OBJC_ROOT_CLASS = YES_ERROR;
				CLANG_WARN_SUSPICIOUS_MOVES = YES;
				CLANG_WARN_UNREACHABLE_CODE = YES;
				CLANG_WARN__DUPLICATE_METHOD_MATCH = YES;
				"CODE_SIGN_IDENTITY[sdk=iphoneos*]" = "iPhone Developer";
				COPY_PHASE_STRIP = NO;
				DEBUG_INFORMATION_FORMAT = dwarf;
				ENABLE_STRICT_OBJC_MSGSEND = YES;
				ENABLE_TESTABILITY = YES;
				GCC_C_LANGUAGE_STANDARD = gnu99;
				GCC_DYNAMIC_NO_PIC = NO;
				GCC_NO_COMMON_BLOCKS = YES;
				GCC_OPTIMIZATION_LEVEL = 0;
				GCC_PREPROCESSOR_DEFINITIONS = (
					"DEBUG=1",
					"$(inherited)",
				);
				GCC_WARN_64_TO_32_BIT_CONVERSION = YES;
				GCC_WARN_ABOUT_RETURN_TYPE = YES_ERROR;
				GCC_WARN_UNDECLARED_SELECTOR = YES;
				GCC_WARN_UNINITIALIZED_AUTOS = YES_AGGRESSIVE;
				GCC_WARN_UNUSED_FUNCTION = YES;
				GCC_WARN_UNUSED_VARIABLE = YES;
				IPHONEOS_DEPLOYMENT_TARGET = 10.0;
				MTL_ENABLE_DEBUG_INFO = YES;
				ONLY_ACTIVE_ARCH = YES;
				SDKROOT = iphoneos;
				SWIFT_ACTIVE_COMPILATION_CONDITIONS = DEBUG;
				SWIFT_OPTIMIZATION_LEVEL = "-Onone";
			};
			name = Debug;
		};
		769A4D401DE2696F002375B7 /* Release */ = {
			isa = XCBuildConfiguration;
			buildSettings = {
				ALWAYS_SEARCH_USER_PATHS = NO;
				CLANG_ANALYZER_NONNULL = YES;
				CLANG_CXX_LANGUAGE_STANDARD = "gnu++0x";
				CLANG_CXX_LIBRARY = "libc++";
				CLANG_ENABLE_MODULES = YES;
				CLANG_ENABLE_OBJC_ARC = YES;
				CLANG_WARN_BOOL_CONVERSION = YES;
				CLANG_WARN_CONSTANT_CONVERSION = YES;
				CLANG_WARN_DIRECT_OBJC_ISA_USAGE = YES_ERROR;
				CLANG_WARN_DOCUMENTATION_COMMENTS = YES;
				CLANG_WARN_EMPTY_BODY = YES;
				CLANG_WARN_ENUM_CONVERSION = YES;
				CLANG_WARN_INFINITE_RECURSION = YES;
				CLANG_WARN_INT_CONVERSION = YES;
				CLANG_WARN_OBJC_ROOT_CLASS = YES_ERROR;
				CLANG_WARN_SUSPICIOUS_MOVES = YES;
				CLANG_WARN_UNREACHABLE_CODE = YES;
				CLANG_WARN__DUPLICATE_METHOD_MATCH = YES;
				"CODE_SIGN_IDENTITY[sdk=iphoneos*]" = "iPhone Developer";
				COPY_PHASE_STRIP = NO;
				DEBUG_INFORMATION_FORMAT = "dwarf-with-dsym";
				ENABLE_NS_ASSERTIONS = NO;
				ENABLE_STRICT_OBJC_MSGSEND = YES;
				GCC_C_LANGUAGE_STANDARD = gnu99;
				GCC_NO_COMMON_BLOCKS = YES;
				GCC_WARN_64_TO_32_BIT_CONVERSION = YES;
				GCC_WARN_ABOUT_RETURN_TYPE = YES_ERROR;
				GCC_WARN_UNDECLARED_SELECTOR = YES;
				GCC_WARN_UNINITIALIZED_AUTOS = YES_AGGRESSIVE;
				GCC_WARN_UNUSED_FUNCTION = YES;
				GCC_WARN_UNUSED_VARIABLE = YES;
				IPHONEOS_DEPLOYMENT_TARGET = 10.0;
				MTL_ENABLE_DEBUG_INFO = NO;
				SDKROOT = iphoneos;
				SWIFT_OPTIMIZATION_LEVEL = "-Owholemodule";
				VALIDATE_PRODUCT = YES;
			};
			name = Release;
		};
		769A4D421DE2696F002375B7 /* Debug */ = {
			isa = XCBuildConfiguration;
			baseConfigurationReference = C65D9F76FB7057D2A405058C /* Pods-GroceryPlanner.debug.xcconfig */;
			buildSettings = {
				ASSETCATALOG_COMPILER_APPICON_NAME = AppIcon;
				CODE_SIGN_ENTITLEMENTS = GroceryPlanner/GroceryPlanner.entitlements;
				DEVELOPMENT_TEAM = 4ZN232DM33;
				INFOPLIST_FILE = GroceryPlanner/Info.plist;
				IPHONEOS_DEPLOYMENT_TARGET = 10.0;
				LD_RUNPATH_SEARCH_PATHS = "$(inherited) @executable_path/Frameworks";
				PRODUCT_BUNDLE_IDENTIFIER = com.Prathyusha.GroceryPlanner;
				PRODUCT_NAME = "$(TARGET_NAME)";
				SWIFT_VERSION = 3.0;
			};
			name = Debug;
		};
		769A4D431DE2696F002375B7 /* Release */ = {
			isa = XCBuildConfiguration;
			baseConfigurationReference = 0C13A1EDB8CB4AB6252686E2 /* Pods-GroceryPlanner.release.xcconfig */;
			buildSettings = {
				ASSETCATALOG_COMPILER_APPICON_NAME = AppIcon;
				CODE_SIGN_ENTITLEMENTS = GroceryPlanner/GroceryPlanner.entitlements;
				DEVELOPMENT_TEAM = 4ZN232DM33;
				INFOPLIST_FILE = GroceryPlanner/Info.plist;
				IPHONEOS_DEPLOYMENT_TARGET = 10.0;
				LD_RUNPATH_SEARCH_PATHS = "$(inherited) @executable_path/Frameworks";
				PRODUCT_BUNDLE_IDENTIFIER = com.Prathyusha.GroceryPlanner;
				PRODUCT_NAME = "$(TARGET_NAME)";
				SWIFT_VERSION = 3.0;
			};
			name = Release;
		};
		769A4D451DE2696F002375B7 /* Debug */ = {
			isa = XCBuildConfiguration;
			buildSettings = {
				ALWAYS_EMBED_SWIFT_STANDARD_LIBRARIES = YES;
				BUNDLE_LOADER = "$(TEST_HOST)";
				DEVELOPMENT_TEAM = 4ZN232DM33;
				INFOPLIST_FILE = GroceryPlannerTests/Info.plist;
				LD_RUNPATH_SEARCH_PATHS = "$(inherited) @executable_path/Frameworks @loader_path/Frameworks";
				PRODUCT_BUNDLE_IDENTIFIER = com.Prathyusha.GroceryPlannerTests;
				PRODUCT_NAME = "$(TARGET_NAME)";
				SWIFT_VERSION = 3.0;
				TEST_HOST = "$(BUILT_PRODUCTS_DIR)/GroceryPlanner.app/GroceryPlanner";
			};
			name = Debug;
		};
		769A4D461DE2696F002375B7 /* Release */ = {
			isa = XCBuildConfiguration;
			buildSettings = {
				ALWAYS_EMBED_SWIFT_STANDARD_LIBRARIES = YES;
				BUNDLE_LOADER = "$(TEST_HOST)";
				DEVELOPMENT_TEAM = 4ZN232DM33;
				INFOPLIST_FILE = GroceryPlannerTests/Info.plist;
				LD_RUNPATH_SEARCH_PATHS = "$(inherited) @executable_path/Frameworks @loader_path/Frameworks";
				PRODUCT_BUNDLE_IDENTIFIER = com.Prathyusha.GroceryPlannerTests;
				PRODUCT_NAME = "$(TARGET_NAME)";
				SWIFT_VERSION = 3.0;
				TEST_HOST = "$(BUILT_PRODUCTS_DIR)/GroceryPlanner.app/GroceryPlanner";
			};
			name = Release;
		};
		769A4D481DE2696F002375B7 /* Debug */ = {
			isa = XCBuildConfiguration;
			buildSettings = {
				ALWAYS_EMBED_SWIFT_STANDARD_LIBRARIES = YES;
				DEVELOPMENT_TEAM = 4ZN232DM33;
				INFOPLIST_FILE = GroceryPlannerUITests/Info.plist;
				LD_RUNPATH_SEARCH_PATHS = "$(inherited) @executable_path/Frameworks @loader_path/Frameworks";
				PRODUCT_BUNDLE_IDENTIFIER = com.Prathyusha.GroceryPlannerUITests;
				PRODUCT_NAME = "$(TARGET_NAME)";
				SWIFT_VERSION = 3.0;
				TEST_TARGET_NAME = GroceryPlanner;
			};
			name = Debug;
		};
		769A4D491DE2696F002375B7 /* Release */ = {
			isa = XCBuildConfiguration;
			buildSettings = {
				ALWAYS_EMBED_SWIFT_STANDARD_LIBRARIES = YES;
				DEVELOPMENT_TEAM = 4ZN232DM33;
				INFOPLIST_FILE = GroceryPlannerUITests/Info.plist;
				LD_RUNPATH_SEARCH_PATHS = "$(inherited) @executable_path/Frameworks @loader_path/Frameworks";
				PRODUCT_BUNDLE_IDENTIFIER = com.Prathyusha.GroceryPlannerUITests;
				PRODUCT_NAME = "$(TARGET_NAME)";
				SWIFT_VERSION = 3.0;
				TEST_TARGET_NAME = GroceryPlanner;
			};
			name = Release;
		};
/* End XCBuildConfiguration section */

/* Begin XCConfigurationList section */
		769A4D141DE2696E002375B7 /* Build configuration list for PBXProject "GroceryPlanner" */ = {
			isa = XCConfigurationList;
			buildConfigurations = (
				769A4D3F1DE2696F002375B7 /* Debug */,
				769A4D401DE2696F002375B7 /* Release */,
			);
			defaultConfigurationIsVisible = 0;
			defaultConfigurationName = Release;
		};
		769A4D411DE2696F002375B7 /* Build configuration list for PBXNativeTarget "GroceryPlanner" */ = {
			isa = XCConfigurationList;
			buildConfigurations = (
				769A4D421DE2696F002375B7 /* Debug */,
				769A4D431DE2696F002375B7 /* Release */,
			);
			defaultConfigurationIsVisible = 0;
			defaultConfigurationName = Release;
		};
		769A4D441DE2696F002375B7 /* Build configuration list for PBXNativeTarget "GroceryPlannerTests" */ = {
			isa = XCConfigurationList;
			buildConfigurations = (
				769A4D451DE2696F002375B7 /* Debug */,
				769A4D461DE2696F002375B7 /* Release */,
			);
			defaultConfigurationIsVisible = 0;
			defaultConfigurationName = Release;
		};
		769A4D471DE2696F002375B7 /* Build configuration list for PBXNativeTarget "GroceryPlannerUITests" */ = {
			isa = XCConfigurationList;
			buildConfigurations = (
				769A4D481DE2696F002375B7 /* Debug */,
				769A4D491DE2696F002375B7 /* Release */,
			);
			defaultConfigurationIsVisible = 0;
			defaultConfigurationName = Release;
		};
/* End XCConfigurationList section */
	};
	rootObject = 769A4D111DE2696E002375B7 /* Project object */;
}
